
Microsoft Visual Studio Solution File, Format Version 12.00
# Visual Studio Version 17
VisualStudioVersion = 17.1.32120.378
MinimumVisualStudioVersion = 10.0.40219.1
Project("{9A19103F-16F7-4668-BE54-9A1E7A4F7556}") = "H.NotifyIcon.Wpf", "src\libs\H.NotifyIcon.Wpf\H.NotifyIcon.Wpf.csproj", "{7AC63864-7638-41C4-969C-D3197EF2BED9}"
EndProject
Project("{2150E333-8FDC-42A3-9474-1A3956D46DE8}") = "libs", "libs", "{FCF55611-6E25-4F1E-8E88-705896171E71}"
	ProjectSection(SolutionItems) = preProject
		src\libs\Directory.Build.props = src\libs\Directory.Build.props
	EndProjectSection
EndProject
Project("{2150E333-8FDC-42A3-9474-1A3956D46DE8}") = "Solution Items", "Solution Items", "{90AF73FD-213A-4054-B99B-58E1864D7142}"
	ProjectSection(SolutionItems) = preProject
		.gitignore = .gitignore
		.github\ISSUE_TEMPLATE\bug-report.yaml = .github\ISSUE_TEMPLATE\bug-report.yaml
		src\Directory.Build.props = src\Directory.Build.props
		.github\workflows\dotnet.yml = .github\workflows\dotnet.yml
		.github\FUNDING.yml = .github\FUNDING.yml
		LICENSE.md = LICENSE.md
		README.md = README.md
	EndProjectSection
EndProject
Project("{9A19103F-16F7-4668-BE54-9A1E7A4F7556}") = "H.NotifyIcon", "src\libs\H.NotifyIcon\H.NotifyIcon.csproj", "{0485EE3E-3745-4E79-A396-19AE493FA9D3}"
EndProject
Project("{D954291E-2A0B-460D-934E-DC6B0785DB48}") = "H.NotifyIcon.Shared", "src\libs\H.NotifyIcon.Shared\H.NotifyIcon.Shared.shproj", "{D97885EC-80E4-4343-8E68-3A2699B77633}"
EndProject
Project("{9A19103F-16F7-4668-BE54-9A1E7A4F7556}") = "H.NotifyIcon.WinUI", "src\libs\H.NotifyIcon.WinUI\H.NotifyIcon.WinUI.csproj", "{2C93516E-87C6-4212-8A85-95D85AB23098}"
EndProject
Project("{2150E333-8FDC-42A3-9474-1A3956D46DE8}") = "apps", "apps", "{52FA15AF-CAE7-4822-9975-F5E812EDEF33}"
	ProjectSection(SolutionItems) = preProject
		src\apps\Directory.Build.props = src\apps\Directory.Build.props
	EndProjectSection
EndProject
Project("{9A19103F-16F7-4668-BE54-9A1E7A4F7556}") = "H.NotifyIcon.Apps.WinUI", "src\apps\H.NotifyIcon.Apps.WinUI\H.NotifyIcon.Apps.WinUI.csproj", "{665598EE-10CA-4842-B169-F5A6EF483C7F}"
EndProject
Project("{9A19103F-16F7-4668-BE54-9A1E7A4F7556}") = "H.NotifyIcon.Uno", "src\libs\H.NotifyIcon.Uno\H.NotifyIcon.Uno.csproj", "{85B419CD-F64D-459E-A287-2C4775E75FD6}"
EndProject
Project("{9A19103F-16F7-4668-BE54-9A1E7A4F7556}") = "H.NotifyIcon.Uno.WinUI", "src\libs\H.NotifyIcon.Uno.WinUI\H.NotifyIcon.Uno.WinUI.csproj", "{81360AA9-0DD6-4A49-8D6E-05AD3160391E}"
EndProject
Project("{9A19103F-16F7-4668-BE54-9A1E7A4F7556}") = "H.NotifyIcon.Apps.Uno.Skia.Wpf", "src\apps\H.NotifyIcon.Apps.Uno.Skia.Wpf\H.NotifyIcon.Apps.Uno.Skia.Wpf.csproj", "{ABD64093-CFBC-4561-83FC-595DD16EF742}"
EndProject
Project("{2150E333-8FDC-42A3-9474-1A3956D46DE8}") = "tests", "tests", "{40478FA5-043C-415E-984B-2DBACCBB97A6}"
EndProject
Project("{9A19103F-16F7-4668-BE54-9A1E7A4F7556}") = "H.NotifyIcon.IntegrationTests", "src\tests\H.NotifyIcon.IntegrationTests\H.NotifyIcon.IntegrationTests.csproj", "{EE945F20-366B-4273-878F-F8969992B8CC}"
EndProject
Project("{9A19103F-16F7-4668-BE54-9A1E7A4F7556}") = "H.NotifyIcon.Apps.Console", "src\apps\H.NotifyIcon.Apps.Console\H.NotifyIcon.Apps.Console.csproj", "{DC947B8B-E363-4104-A38A-0C3D08047D82}"
EndProject
Project("{9A19103F-16F7-4668-BE54-9A1E7A4F7556}") = "H.NotifyIcon.Apps.Wpf", "src\apps\H.NotifyIcon.Apps.Wpf\H.NotifyIcon.Apps.Wpf.csproj", "{B95580F0-895E-499B-BBE6-78258069DE02}"
EndProject
Project("{9A19103F-16F7-4668-BE54-9A1E7A4F7556}") = "H.NotifyIcon.Apps.Wpf.Windowless", "src\apps\H.NotifyIcon.Apps.Wpf.Windowless\H.NotifyIcon.Apps.Wpf.Windowless.csproj", "{50653194-B56C-4270-85FD-9FF0A2C331AD}"
EndProject
Project("{9A19103F-16F7-4668-BE54-9A1E7A4F7556}") = "H.NotifyIcon.Apps.WinUI.Windowless", "src\apps\H.NotifyIcon.Apps.WinUI.Windowless\H.NotifyIcon.Apps.WinUI.Windowless.csproj", "{73850D1A-5384-49EC-8115-6FA27E6423D0}"
EndProject
Project("{9A19103F-16F7-4668-BE54-9A1E7A4F7556}") = "H.NotifyIcon.PopupMenus", "src\libs\H.NotifyIcon.PopupMenus\H.NotifyIcon.PopupMenus.csproj", "{116B382F-3345-4946-A5BA-1005D508013A}"
EndProject
Project("{D954291E-2A0B-460D-934E-DC6B0785DB48}") = "H.NotifyIcon.Apps.Uno.Shared", "src\apps\H.NotifyIcon.Apps.Uno.Shared\H.NotifyIcon.Apps.Uno.Shared.shproj", "{418D1399-62C8-481B-A954-517B189ECA70}"
EndProject
Global
	GlobalSection(SolutionConfigurationPlatforms) = preSolution
		Debug|Any CPU = Debug|Any CPU
		Debug|arm64 = Debug|arm64
		Debug|x64 = Debug|x64
		Debug|x86 = Debug|x86
		Release|Any CPU = Release|Any CPU
		Release|arm64 = Release|arm64
		Release|x64 = Release|x64
		Release|x86 = Release|x86
	EndGlobalSection
	GlobalSection(ProjectConfigurationPlatforms) = postSolution
		{7AC63864-7638-41C4-969C-D3197EF2BED9}.Debug|Any CPU.ActiveCfg = Debug|Any CPU
		{7AC63864-7638-41C4-969C-D3197EF2BED9}.Debug|Any CPU.Build.0 = Debug|Any CPU
		{7AC63864-7638-41C4-969C-D3197EF2BED9}.Debug|arm64.ActiveCfg = Debug|Any CPU
		{7AC63864-7638-41C4-969C-D3197EF2BED9}.Debug|arm64.Build.0 = Debug|Any CPU
		{7AC63864-7638-41C4-969C-D3197EF2BED9}.Debug|x64.ActiveCfg = Debug|Any CPU
		{7AC63864-7638-41C4-969C-D3197EF2BED9}.Debug|x64.Build.0 = Debug|Any CPU
		{7AC63864-7638-41C4-969C-D3197EF2BED9}.Debug|x86.ActiveCfg = Debug|Any CPU
		{7AC63864-7638-41C4-969C-D3197EF2BED9}.Debug|x86.Build.0 = Debug|Any CPU
		{7AC63864-7638-41C4-969C-D3197EF2BED9}.Release|Any CPU.ActiveCfg = Release|Any CPU
		{7AC63864-7638-41C4-969C-D3197EF2BED9}.Release|Any CPU.Build.0 = Release|Any CPU
		{7AC63864-7638-41C4-969C-D3197EF2BED9}.Release|arm64.ActiveCfg = Release|Any CPU
		{7AC63864-7638-41C4-969C-D3197EF2BED9}.Release|arm64.Build.0 = Release|Any CPU
		{7AC63864-7638-41C4-969C-D3197EF2BED9}.Release|x64.ActiveCfg = Release|Any CPU
		{7AC63864-7638-41C4-969C-D3197EF2BED9}.Release|x64.Build.0 = Release|Any CPU
		{7AC63864-7638-41C4-969C-D3197EF2BED9}.Release|x86.ActiveCfg = Release|Any CPU
		{7AC63864-7638-41C4-969C-D3197EF2BED9}.Release|x86.Build.0 = Release|Any CPU
		{0485EE3E-3745-4E79-A396-19AE493FA9D3}.Debug|Any CPU.ActiveCfg = Debug|Any CPU
		{0485EE3E-3745-4E79-A396-19AE493FA9D3}.Debug|Any CPU.Build.0 = Debug|Any CPU
		{0485EE3E-3745-4E79-A396-19AE493FA9D3}.Debug|arm64.ActiveCfg = Debug|Any CPU
		{0485EE3E-3745-4E79-A396-19AE493FA9D3}.Debug|arm64.Build.0 = Debug|Any CPU
		{0485EE3E-3745-4E79-A396-19AE493FA9D3}.Debug|x64.ActiveCfg = Debug|Any CPU
		{0485EE3E-3745-4E79-A396-19AE493FA9D3}.Debug|x64.Build.0 = Debug|Any CPU
		{0485EE3E-3745-4E79-A396-19AE493FA9D3}.Debug|x86.ActiveCfg = Debug|Any CPU
		{0485EE3E-3745-4E79-A396-19AE493FA9D3}.Debug|x86.Build.0 = Debug|Any CPU
		{0485EE3E-3745-4E79-A396-19AE493FA9D3}.Release|Any CPU.ActiveCfg = Release|Any CPU
		{0485EE3E-3745-4E79-A396-19AE493FA9D3}.Release|Any CPU.Build.0 = Release|Any CPU
		{0485EE3E-3745-4E79-A396-19AE493FA9D3}.Release|arm64.ActiveCfg = Release|Any CPU
		{0485EE3E-3745-4E79-A396-19AE493FA9D3}.Release|arm64.Build.0 = Release|Any CPU
		{0485EE3E-3745-4E79-A396-19AE493FA9D3}.Release|x64.ActiveCfg = Release|Any CPU
		{0485EE3E-3745-4E79-A396-19AE493FA9D3}.Release|x64.Build.0 = Release|Any CPU
		{0485EE3E-3745-4E79-A396-19AE493FA9D3}.Release|x86.ActiveCfg = Release|Any CPU
		{0485EE3E-3745-4E79-A396-19AE493FA9D3}.Release|x86.Build.0 = Release|Any CPU
		{2C93516E-87C6-4212-8A85-95D85AB23098}.Debug|Any CPU.ActiveCfg = Debug|Any CPU
		{2C93516E-87C6-4212-8A85-95D85AB23098}.Debug|Any CPU.Build.0 = Debug|Any CPU
		{2C93516E-87C6-4212-8A85-95D85AB23098}.Debug|arm64.ActiveCfg = Debug|Any CPU
		{2C93516E-87C6-4212-8A85-95D85AB23098}.Debug|arm64.Build.0 = Debug|Any CPU
		{2C93516E-87C6-4212-8A85-95D85AB23098}.Debug|x64.ActiveCfg = Debug|Any CPU
		{2C93516E-87C6-4212-8A85-95D85AB23098}.Debug|x64.Build.0 = Debug|Any CPU
		{2C93516E-87C6-4212-8A85-95D85AB23098}.Debug|x86.ActiveCfg = Debug|Any CPU
		{2C93516E-87C6-4212-8A85-95D85AB23098}.Debug|x86.Build.0 = Debug|Any CPU
		{2C93516E-87C6-4212-8A85-95D85AB23098}.Release|Any CPU.ActiveCfg = Release|Any CPU
		{2C93516E-87C6-4212-8A85-95D85AB23098}.Release|Any CPU.Build.0 = Release|Any CPU
		{2C93516E-87C6-4212-8A85-95D85AB23098}.Release|arm64.ActiveCfg = Release|Any CPU
		{2C93516E-87C6-4212-8A85-95D85AB23098}.Release|arm64.Build.0 = Release|Any CPU
		{2C93516E-87C6-4212-8A85-95D85AB23098}.Release|x64.ActiveCfg = Release|Any CPU
		{2C93516E-87C6-4212-8A85-95D85AB23098}.Release|x64.Build.0 = Release|Any CPU
		{2C93516E-87C6-4212-8A85-95D85AB23098}.Release|x86.ActiveCfg = Release|Any CPU
		{2C93516E-87C6-4212-8A85-95D85AB23098}.Release|x86.Build.0 = Release|Any CPU
		{665598EE-10CA-4842-B169-F5A6EF483C7F}.Debug|Any CPU.ActiveCfg = Debug|x64
		{665598EE-10CA-4842-B169-F5A6EF483C7F}.Debug|Any CPU.Build.0 = Debug|x64
		{665598EE-10CA-4842-B169-F5A6EF483C7F}.Debug|Any CPU.Deploy.0 = Debug|x64
		{665598EE-10CA-4842-B169-F5A6EF483C7F}.Debug|arm64.ActiveCfg = Debug|arm64
		{665598EE-10CA-4842-B169-F5A6EF483C7F}.Debug|arm64.Build.0 = Debug|arm64
		{665598EE-10CA-4842-B169-F5A6EF483C7F}.Debug|arm64.Deploy.0 = Debug|arm64
		{665598EE-10CA-4842-B169-F5A6EF483C7F}.Debug|x64.ActiveCfg = Debug|x64
		{665598EE-10CA-4842-B169-F5A6EF483C7F}.Debug|x64.Build.0 = Debug|x64
		{665598EE-10CA-4842-B169-F5A6EF483C7F}.Debug|x64.Deploy.0 = Debug|x64
		{665598EE-10CA-4842-B169-F5A6EF483C7F}.Debug|x86.ActiveCfg = Debug|x86
		{665598EE-10CA-4842-B169-F5A6EF483C7F}.Debug|x86.Build.0 = Debug|x86
		{665598EE-10CA-4842-B169-F5A6EF483C7F}.Debug|x86.Deploy.0 = Debug|x86
		{665598EE-10CA-4842-B169-F5A6EF483C7F}.Release|Any CPU.ActiveCfg = Release|x64
		{665598EE-10CA-4842-B169-F5A6EF483C7F}.Release|Any CPU.Build.0 = Release|x64
		{665598EE-10CA-4842-B169-F5A6EF483C7F}.Release|Any CPU.Deploy.0 = Release|x64
		{665598EE-10CA-4842-B169-F5A6EF483C7F}.Release|arm64.ActiveCfg = Release|arm64
		{665598EE-10CA-4842-B169-F5A6EF483C7F}.Release|arm64.Build.0 = Release|arm64
		{665598EE-10CA-4842-B169-F5A6EF483C7F}.Release|arm64.Deploy.0 = Release|arm64
		{665598EE-10CA-4842-B169-F5A6EF483C7F}.Release|x64.ActiveCfg = Release|x64
		{665598EE-10CA-4842-B169-F5A6EF483C7F}.Release|x64.Build.0 = Release|x64
		{665598EE-10CA-4842-B169-F5A6EF483C7F}.Release|x64.Deploy.0 = Release|x64
		{665598EE-10CA-4842-B169-F5A6EF483C7F}.Release|x86.ActiveCfg = Release|x86
		{665598EE-10CA-4842-B169-F5A6EF483C7F}.Release|x86.Build.0 = Release|x86
		{665598EE-10CA-4842-B169-F5A6EF483C7F}.Release|x86.Deploy.0 = Release|x86
		{85B419CD-F64D-459E-A287-2C4775E75FD6}.Debug|Any CPU.ActiveCfg = Debug|Any CPU
		{85B419CD-F64D-459E-A287-2C4775E75FD6}.Debug|Any CPU.Build.0 = Debug|Any CPU
		{85B419CD-F64D-459E-A287-2C4775E75FD6}.Debug|arm64.ActiveCfg = Debug|Any CPU
		{85B419CD-F64D-459E-A287-2C4775E75FD6}.Debug|arm64.Build.0 = Debug|Any CPU
		{85B419CD-F64D-459E-A287-2C4775E75FD6}.Debug|x64.ActiveCfg = Debug|Any CPU
		{85B419CD-F64D-459E-A287-2C4775E75FD6}.Debug|x64.Build.0 = Debug|Any CPU
		{85B419CD-F64D-459E-A287-2C4775E75FD6}.Debug|x86.ActiveCfg = Debug|Any CPU
		{85B419CD-F64D-459E-A287-2C4775E75FD6}.Debug|x86.Build.0 = Debug|Any CPU
		{85B419CD-F64D-459E-A287-2C4775E75FD6}.Release|Any CPU.ActiveCfg = Release|Any CPU
		{85B419CD-F64D-459E-A287-2C4775E75FD6}.Release|Any CPU.Build.0 = Release|Any CPU
		{85B419CD-F64D-459E-A287-2C4775E75FD6}.Release|arm64.ActiveCfg = Release|Any CPU
		{85B419CD-F64D-459E-A287-2C4775E75FD6}.Release|arm64.Build.0 = Release|Any CPU
		{85B419CD-F64D-459E-A287-2C4775E75FD6}.Release|x64.ActiveCfg = Release|Any CPU
		{85B419CD-F64D-459E-A287-2C4775E75FD6}.Release|x64.Build.0 = Release|Any CPU
		{85B419CD-F64D-459E-A287-2C4775E75FD6}.Release|x86.ActiveCfg = Release|Any CPU
		{85B419CD-F64D-459E-A287-2C4775E75FD6}.Release|x86.Build.0 = Release|Any CPU
		{81360AA9-0DD6-4A49-8D6E-05AD3160391E}.Debug|Any CPU.ActiveCfg = Debug|Any CPU
		{81360AA9-0DD6-4A49-8D6E-05AD3160391E}.Debug|Any CPU.Build.0 = Debug|Any CPU
		{81360AA9-0DD6-4A49-8D6E-05AD3160391E}.Debug|arm64.ActiveCfg = Debug|Any CPU
		{81360AA9-0DD6-4A49-8D6E-05AD3160391E}.Debug|arm64.Build.0 = Debug|Any CPU
		{81360AA9-0DD6-4A49-8D6E-05AD3160391E}.Debug|x64.ActiveCfg = Debug|Any CPU
		{81360AA9-0DD6-4A49-8D6E-05AD3160391E}.Debug|x64.Build.0 = Debug|Any CPU
		{81360AA9-0DD6-4A49-8D6E-05AD3160391E}.Debug|x86.ActiveCfg = Debug|Any CPU
		{81360AA9-0DD6-4A49-8D6E-05AD3160391E}.Debug|x86.Build.0 = Debug|Any CPU
		{81360AA9-0DD6-4A49-8D6E-05AD3160391E}.Release|Any CPU.ActiveCfg = Release|Any CPU
		{81360AA9-0DD6-4A49-8D6E-05AD3160391E}.Release|Any CPU.Build.0 = Release|Any CPU
		{81360AA9-0DD6-4A49-8D6E-05AD3160391E}.Release|arm64.ActiveCfg = Release|Any CPU
		{81360AA9-0DD6-4A49-8D6E-05AD3160391E}.Release|arm64.Build.0 = Release|Any CPU
		{81360AA9-0DD6-4A49-8D6E-05AD3160391E}.Release|x64.ActiveCfg = Release|Any CPU
		{81360AA9-0DD6-4A49-8D6E-05AD3160391E}.Release|x64.Build.0 = Release|Any CPU
		{81360AA9-0DD6-4A49-8D6E-05AD3160391E}.Release|x86.ActiveCfg = Release|Any CPU
		{81360AA9-0DD6-4A49-8D6E-05AD3160391E}.Release|x86.Build.0 = Release|Any CPU
		{ABD64093-CFBC-4561-83FC-595DD16EF742}.Debug|Any CPU.ActiveCfg = Debug|Any CPU
		{ABD64093-CFBC-4561-83FC-595DD16EF742}.Debug|Any CPU.Build.0 = Debug|Any CPU
		{ABD64093-CFBC-4561-83FC-595DD16EF742}.Debug|arm64.ActiveCfg = Debug|Any CPU
		{ABD64093-CFBC-4561-83FC-595DD16EF742}.Debug|arm64.Build.0 = Debug|Any CPU
		{ABD64093-CFBC-4561-83FC-595DD16EF742}.Debug|x64.ActiveCfg = Debug|Any CPU
		{ABD64093-CFBC-4561-83FC-595DD16EF742}.Debug|x64.Build.0 = Debug|Any CPU
		{ABD64093-CFBC-4561-83FC-595DD16EF742}.Debug|x86.ActiveCfg = Debug|Any CPU
		{ABD64093-CFBC-4561-83FC-595DD16EF742}.Debug|x86.Build.0 = Debug|Any CPU
		{ABD64093-CFBC-4561-83FC-595DD16EF742}.Release|Any CPU.ActiveCfg = Release|Any CPU
		{ABD64093-CFBC-4561-83FC-595DD16EF742}.Release|Any CPU.Build.0 = Release|Any CPU
		{ABD64093-CFBC-4561-83FC-595DD16EF742}.Release|arm64.ActiveCfg = Release|Any CPU
		{ABD64093-CFBC-4561-83FC-595DD16EF742}.Release|arm64.Build.0 = Release|Any CPU
		{ABD64093-CFBC-4561-83FC-595DD16EF742}.Release|x64.ActiveCfg = Release|Any CPU
		{ABD64093-CFBC-4561-83FC-595DD16EF742}.Release|x64.Build.0 = Release|Any CPU
		{ABD64093-CFBC-4561-83FC-595DD16EF742}.Release|x86.ActiveCfg = Release|Any CPU
		{ABD64093-CFBC-4561-83FC-595DD16EF742}.Release|x86.Build.0 = Release|Any CPU
		{EE945F20-366B-4273-878F-F8969992B8CC}.Debug|Any CPU.ActiveCfg = Debug|Any CPU
		{EE945F20-366B-4273-878F-F8969992B8CC}.Debug|Any CPU.Build.0 = Debug|Any CPU
		{EE945F20-366B-4273-878F-F8969992B8CC}.Debug|arm64.ActiveCfg = Debug|Any CPU
		{EE945F20-366B-4273-878F-F8969992B8CC}.Debug|arm64.Build.0 = Debug|Any CPU
		{EE945F20-366B-4273-878F-F8969992B8CC}.Debug|x64.ActiveCfg = Debug|Any CPU
		{EE945F20-366B-4273-878F-F8969992B8CC}.Debug|x64.Build.0 = Debug|Any CPU
		{EE945F20-366B-4273-878F-F8969992B8CC}.Debug|x86.ActiveCfg = Debug|Any CPU
		{EE945F20-366B-4273-878F-F8969992B8CC}.Debug|x86.Build.0 = Debug|Any CPU
		{EE945F20-366B-4273-878F-F8969992B8CC}.Release|Any CPU.ActiveCfg = Release|Any CPU
		{EE945F20-366B-4273-878F-F8969992B8CC}.Release|Any CPU.Build.0 = Release|Any CPU
		{EE945F20-366B-4273-878F-F8969992B8CC}.Release|arm64.ActiveCfg = Release|Any CPU
		{EE945F20-366B-4273-878F-F8969992B8CC}.Release|arm64.Build.0 = Release|Any CPU
		{EE945F20-366B-4273-878F-F8969992B8CC}.Release|x64.ActiveCfg = Release|Any CPU
		{EE945F20-366B-4273-878F-F8969992B8CC}.Release|x64.Build.0 = Release|Any CPU
		{EE945F20-366B-4273-878F-F8969992B8CC}.Release|x86.ActiveCfg = Release|Any CPU
		{EE945F20-366B-4273-878F-F8969992B8CC}.Release|x86.Build.0 = Release|Any CPU
		{DC947B8B-E363-4104-A38A-0C3D08047D82}.Debug|Any CPU.ActiveCfg = Debug|Any CPU
		{DC947B8B-E363-4104-A38A-0C3D08047D82}.Debug|Any CPU.Build.0 = Debug|Any CPU
		{DC947B8B-E363-4104-A38A-0C3D08047D82}.Debug|arm64.ActiveCfg = Debug|Any CPU
		{DC947B8B-E363-4104-A38A-0C3D08047D82}.Debug|arm64.Build.0 = Debug|Any CPU
		{DC947B8B-E363-4104-A38A-0C3D08047D82}.Debug|x64.ActiveCfg = Debug|Any CPU
		{DC947B8B-E363-4104-A38A-0C3D08047D82}.Debug|x64.Build.0 = Debug|Any CPU
		{DC947B8B-E363-4104-A38A-0C3D08047D82}.Debug|x86.ActiveCfg = Debug|Any CPU
		{DC947B8B-E363-4104-A38A-0C3D08047D82}.Debug|x86.Build.0 = Debug|Any CPU
		{DC947B8B-E363-4104-A38A-0C3D08047D82}.Release|Any CPU.ActiveCfg = Release|Any CPU
		{DC947B8B-E363-4104-A38A-0C3D08047D82}.Release|Any CPU.Build.0 = Release|Any CPU
		{DC947B8B-E363-4104-A38A-0C3D08047D82}.Release|arm64.ActiveCfg = Release|Any CPU
		{DC947B8B-E363-4104-A38A-0C3D08047D82}.Release|arm64.Build.0 = Release|Any CPU
		{DC947B8B-E363-4104-A38A-0C3D08047D82}.Release|x64.ActiveCfg = Release|Any CPU
		{DC947B8B-E363-4104-A38A-0C3D08047D82}.Release|x64.Build.0 = Release|Any CPU
		{DC947B8B-E363-4104-A38A-0C3D08047D82}.Release|x86.ActiveCfg = Release|Any CPU
		{DC947B8B-E363-4104-A38A-0C3D08047D82}.Release|x86.Build.0 = Release|Any CPU
		{B95580F0-895E-499B-BBE6-78258069DE02}.Debug|Any CPU.ActiveCfg = Debug|Any CPU
		{B95580F0-895E-499B-BBE6-78258069DE02}.Debug|Any CPU.Build.0 = Debug|Any CPU
		{B95580F0-895E-499B-BBE6-78258069DE02}.Debug|arm64.ActiveCfg = Debug|Any CPU
		{B95580F0-895E-499B-BBE6-78258069DE02}.Debug|arm64.Build.0 = Debug|Any CPU
		{B95580F0-895E-499B-BBE6-78258069DE02}.Debug|x64.ActiveCfg = Debug|Any CPU
		{B95580F0-895E-499B-BBE6-78258069DE02}.Debug|x64.Build.0 = Debug|Any CPU
		{B95580F0-895E-499B-BBE6-78258069DE02}.Debug|x86.ActiveCfg = Debug|Any CPU
		{B95580F0-895E-499B-BBE6-78258069DE02}.Debug|x86.Build.0 = Debug|Any CPU
		{B95580F0-895E-499B-BBE6-78258069DE02}.Release|Any CPU.ActiveCfg = Release|Any CPU
		{B95580F0-895E-499B-BBE6-78258069DE02}.Release|Any CPU.Build.0 = Release|Any CPU
		{B95580F0-895E-499B-BBE6-78258069DE02}.Release|arm64.ActiveCfg = Release|Any CPU
		{B95580F0-895E-499B-BBE6-78258069DE02}.Release|arm64.Build.0 = Release|Any CPU
		{B95580F0-895E-499B-BBE6-78258069DE02}.Release|x64.ActiveCfg = Release|Any CPU
		{B95580F0-895E-499B-BBE6-78258069DE02}.Release|x64.Build.0 = Release|Any CPU
		{B95580F0-895E-499B-BBE6-78258069DE02}.Release|x86.ActiveCfg = Release|Any CPU
		{B95580F0-895E-499B-BBE6-78258069DE02}.Release|x86.Build.0 = Release|Any CPU
		{50653194-B56C-4270-85FD-9FF0A2C331AD}.Debug|Any CPU.ActiveCfg = Debug|Any CPU
		{50653194-B56C-4270-85FD-9FF0A2C331AD}.Debug|Any CPU.Build.0 = Debug|Any CPU
		{50653194-B56C-4270-85FD-9FF0A2C331AD}.Debug|arm64.ActiveCfg = Debug|Any CPU
		{50653194-B56C-4270-85FD-9FF0A2C331AD}.Debug|arm64.Build.0 = Debug|Any CPU
		{50653194-B56C-4270-85FD-9FF0A2C331AD}.Debug|x64.ActiveCfg = Debug|Any CPU
		{50653194-B56C-4270-85FD-9FF0A2C331AD}.Debug|x64.Build.0 = Debug|Any CPU
		{50653194-B56C-4270-85FD-9FF0A2C331AD}.Debug|x86.ActiveCfg = Debug|Any CPU
		{50653194-B56C-4270-85FD-9FF0A2C331AD}.Debug|x86.Build.0 = Debug|Any CPU
		{50653194-B56C-4270-85FD-9FF0A2C331AD}.Release|Any CPU.ActiveCfg = Release|Any CPU
		{50653194-B56C-4270-85FD-9FF0A2C331AD}.Release|Any CPU.Build.0 = Release|Any CPU
		{50653194-B56C-4270-85FD-9FF0A2C331AD}.Release|arm64.ActiveCfg = Release|Any CPU
		{50653194-B56C-4270-85FD-9FF0A2C331AD}.Release|arm64.Build.0 = Release|Any CPU
		{50653194-B56C-4270-85FD-9FF0A2C331AD}.Release|x64.ActiveCfg = Release|Any CPU
		{50653194-B56C-4270-85FD-9FF0A2C331AD}.Release|x64.Build.0 = Release|Any CPU
		{50653194-B56C-4270-85FD-9FF0A2C331AD}.Release|x86.ActiveCfg = Release|Any CPU
		{50653194-B56C-4270-85FD-9FF0A2C331AD}.Release|x86.Build.0 = Release|Any CPU
		{73850D1A-5384-49EC-8115-6FA27E6423D0}.Debug|Any CPU.ActiveCfg = Debug|x64
		{73850D1A-5384-49EC-8115-6FA27E6423D0}.Debug|Any CPU.Build.0 = Debug|x64
		{73850D1A-5384-49EC-8115-6FA27E6423D0}.Debug|Any CPU.Deploy.0 = Debug|x64
		{73850D1A-5384-49EC-8115-6FA27E6423D0}.Debug|arm64.ActiveCfg = Debug|arm64
		{73850D1A-5384-49EC-8115-6FA27E6423D0}.Debug|arm64.Build.0 = Debug|arm64
		{73850D1A-5384-49EC-8115-6FA27E6423D0}.Debug|arm64.Deploy.0 = Debug|arm64
		{73850D1A-5384-49EC-8115-6FA27E6423D0}.Debug|x64.ActiveCfg = Debug|x64
		{73850D1A-5384-49EC-8115-6FA27E6423D0}.Debug|x64.Build.0 = Debug|x64
		{73850D1A-5384-49EC-8115-6FA27E6423D0}.Debug|x64.Deploy.0 = Debug|x64
		{73850D1A-5384-49EC-8115-6FA27E6423D0}.Debug|x86.ActiveCfg = Debug|x86
		{73850D1A-5384-49EC-8115-6FA27E6423D0}.Debug|x86.Build.0 = Debug|x86
		{73850D1A-5384-49EC-8115-6FA27E6423D0}.Debug|x86.Deploy.0 = Debug|x86
		{73850D1A-5384-49EC-8115-6FA27E6423D0}.Release|Any CPU.ActiveCfg = Release|x64
		{73850D1A-5384-49EC-8115-6FA27E6423D0}.Release|Any CPU.Build.0 = Release|x64
		{73850D1A-5384-49EC-8115-6FA27E6423D0}.Release|Any CPU.Deploy.0 = Release|x64
		{73850D1A-5384-49EC-8115-6FA27E6423D0}.Release|arm64.ActiveCfg = Release|arm64
		{73850D1A-5384-49EC-8115-6FA27E6423D0}.Release|arm64.Build.0 = Release|arm64
		{73850D1A-5384-49EC-8115-6FA27E6423D0}.Release|arm64.Deploy.0 = Release|arm64
		{73850D1A-5384-49EC-8115-6FA27E6423D0}.Release|x64.ActiveCfg = Release|x64
		{73850D1A-5384-49EC-8115-6FA27E6423D0}.Release|x64.Build.0 = Release|x64
		{73850D1A-5384-49EC-8115-6FA27E6423D0}.Release|x64.Deploy.0 = Release|x64
		{73850D1A-5384-49EC-8115-6FA27E6423D0}.Release|x86.ActiveCfg = Release|x86
		{73850D1A-5384-49EC-8115-6FA27E6423D0}.Release|x86.Build.0 = Release|x86
		{73850D1A-5384-49EC-8115-6FA27E6423D0}.Release|x86.Deploy.0 = Release|x86
		{116B382F-3345-4946-A5BA-1005D508013A}.Debug|Any CPU.ActiveCfg = Debug|Any CPU
		{116B382F-3345-4946-A5BA-1005D508013A}.Debug|Any CPU.Build.0 = Debug|Any CPU
		{116B382F-3345-4946-A5BA-1005D508013A}.Debug|arm64.ActiveCfg = Debug|Any CPU
		{116B382F-3345-4946-A5BA-1005D508013A}.Debug|arm64.Build.0 = Debug|Any CPU
		{116B382F-3345-4946-A5BA-1005D508013A}.Debug|x64.ActiveCfg = Debug|Any CPU
		{116B382F-3345-4946-A5BA-1005D508013A}.Debug|x64.Build.0 = Debug|Any CPU
		{116B382F-3345-4946-A5BA-1005D508013A}.Debug|x86.ActiveCfg = Debug|Any CPU
		{116B382F-3345-4946-A5BA-1005D508013A}.Debug|x86.Build.0 = Debug|Any CPU
		{116B382F-3345-4946-A5BA-1005D508013A}.Release|Any CPU.ActiveCfg = Release|Any CPU
		{116B382F-3345-4946-A5BA-1005D508013A}.Release|Any CPU.Build.0 = Release|Any CPU
		{116B382F-3345-4946-A5BA-1005D508013A}.Release|arm64.ActiveCfg = Release|Any CPU
		{116B382F-3345-4946-A5BA-1005D508013A}.Release|arm64.Build.0 = Release|Any CPU
		{116B382F-3345-4946-A5BA-1005D508013A}.Release|x64.ActiveCfg = Release|Any CPU
		{116B382F-3345-4946-A5BA-1005D508013A}.Release|x64.Build.0 = Release|Any CPU
		{116B382F-3345-4946-A5BA-1005D508013A}.Release|x86.ActiveCfg = Release|Any CPU
		{116B382F-3345-4946-A5BA-1005D508013A}.Release|x86.Build.0 = Release|Any CPU
	EndGlobalSection
	GlobalSection(SolutionProperties) = preSolution
		HideSolutionNode = FALSE
	EndGlobalSection
	GlobalSection(NestedProjects) = preSolution
		{7AC63864-7638-41C4-969C-D3197EF2BED9} = {FCF55611-6E25-4F1E-8E88-705896171E71}
		{0485EE3E-3745-4E79-A396-19AE493FA9D3} = {FCF55611-6E25-4F1E-8E88-705896171E71}
		{D97885EC-80E4-4343-8E68-3A2699B77633} = {FCF55611-6E25-4F1E-8E88-705896171E71}
		{2C93516E-87C6-4212-8A85-95D85AB23098} = {FCF55611-6E25-4F1E-8E88-705896171E71}
		{665598EE-10CA-4842-B169-F5A6EF483C7F} = {52FA15AF-CAE7-4822-9975-F5E812EDEF33}
		{85B419CD-F64D-459E-A287-2C4775E75FD6} = {FCF55611-6E25-4F1E-8E88-705896171E71}
		{81360AA9-0DD6-4A49-8D6E-05AD3160391E} = {FCF55611-6E25-4F1E-8E88-705896171E71}
		{ABD64093-CFBC-4561-83FC-595DD16EF742} = {52FA15AF-CAE7-4822-9975-F5E812EDEF33}
		{EE945F20-366B-4273-878F-F8969992B8CC} = {40478FA5-043C-415E-984B-2DBACCBB97A6}
		{DC947B8B-E363-4104-A38A-0C3D08047D82} = {52FA15AF-CAE7-4822-9975-F5E812EDEF33}
		{B95580F0-895E-499B-BBE6-78258069DE02} = {52FA15AF-CAE7-4822-9975-F5E812EDEF33}
		{50653194-B56C-4270-85FD-9FF0A2C331AD} = {52FA15AF-CAE7-4822-9975-F5E812EDEF33}
		{73850D1A-5384-49EC-8115-6FA27E6423D0} = {52FA15AF-CAE7-4822-9975-F5E812EDEF33}
		{116B382F-3345-4946-A5BA-1005D508013A} = {FCF55611-6E25-4F1E-8E88-705896171E71}
		{418D1399-62C8-481B-A954-517B189ECA70} = {52FA15AF-CAE7-4822-9975-F5E812EDEF33}
	EndGlobalSection
	GlobalSection(ExtensibilityGlobals) = postSolution
		SolutionGuid = {C139BD97-A4F7-411B-99B1-824CE1ABA403}
	EndGlobalSection
	GlobalSection(SharedMSBuildProjectFiles) = preSolution
		src\libs\H.NotifyIcon.Shared\H.NotifyIcon.Shared.projitems*{2c93516e-87c6-4212-8a85-95d85ab23098}*SharedItemsImports = 5
		src\apps\H.NotifyIcon.Apps.Uno.Shared\H.NotifyIcon.Apps.Uno.Shared.projitems*{418d1399-62c8-481b-a954-517b189eca70}*SharedItemsImports = 13
		src\libs\H.NotifyIcon.Shared\H.NotifyIcon.Shared.projitems*{7ac63864-7638-41c4-969c-d3197ef2bed9}*SharedItemsImports = 5
		src\libs\H.NotifyIcon.Shared\H.NotifyIcon.Shared.projitems*{81360aa9-0dd6-4a49-8d6e-05ad3160391e}*SharedItemsImports = 5
		src\libs\H.NotifyIcon.Shared\H.NotifyIcon.Shared.projitems*{85b419cd-f64d-459e-a287-2c4775e75fd6}*SharedItemsImports = 5
		src\apps\H.NotifyIcon.Apps.Uno.Shared\H.NotifyIcon.Apps.Uno.Shared.projitems*{abd64093-cfbc-4561-83fc-595dd16ef742}*SharedItemsImports = 5
		src\libs\H.NotifyIcon.Shared\H.NotifyIcon.Shared.projitems*{d97885ec-80e4-4343-8e68-3a2699b77633}*SharedItemsImports = 13
	EndGlobalSection
EndGlobal
