
Microsoft Visual Studio Solution File, Format Version 12.00
# Visual Studio Version 17
VisualStudioVersion = 17.1.32120.378
MinimumVisualStudioVersion = 10.0.40219.1
Project("{9A19103F-16F7-4668-BE54-9A1E7A4F7556}") = "H.NotifyIcon.WPF", "src\libs\H.NotifyIcon.WPF\H.NotifyIcon.WPF.csproj", "{7AC63864-7638-41C4-969C-D3197EF2BED9}"
EndProject
Project("{9A19103F-16F7-4668-BE54-9A1E7A4F7556}") = "Sample Project", "samples\Sample Project\Sample Project.csproj", "{71C74F29-F1C2-49C5-969F-C25AC4CDFCCC}"
EndProject
Project("{9A19103F-16F7-4668-BE54-9A1E7A4F7556}") = "WindowsFormsSample", "samples\WindowsFormsSample\WindowsFormsSample.csproj", "{F6DC0A6D-D1CE-4AD2-92ED-08FFF0AD4FA8}"
EndProject
Project("{9A19103F-16F7-4668-BE54-9A1E7A4F7556}") = "Windowless Sample", "samples\Windowless Sample\Windowless Sample.csproj", "{964EBFBE-A600-49B2-BDD8-422B46F1D544}"
EndProject
Project("{2150E333-8FDC-42A3-9474-1A3956D46DE8}") = "libs", "libs", "{FCF55611-6E25-4F1E-8E88-705896171E71}"
	ProjectSection(SolutionItems) = preProject
		src\libs\Directory.Build.props = src\libs\Directory.Build.props
	EndProjectSection
EndProject
Project("{2150E333-8FDC-42A3-9474-1A3956D46DE8}") = "samples", "samples", "{61B9888E-FE61-4B67-8077-AE4114B6BA44}"
	ProjectSection(SolutionItems) = preProject
		samples\Directory.Build.props = samples\Directory.Build.props
	EndProjectSection
EndProject
Project("{2150E333-8FDC-42A3-9474-1A3956D46DE8}") = "Solution Items", "Solution Items", "{90AF73FD-213A-4054-B99B-58E1864D7142}"
	ProjectSection(SolutionItems) = preProject
		.gitignore = .gitignore
		src\Directory.Build.props = src\Directory.Build.props
		.github\workflows\dotnet.yml = .github\workflows\dotnet.yml
		LICENSE.md = LICENSE.md
		README.md = README.md
	EndProjectSection
EndProject
Project("{9A19103F-16F7-4668-BE54-9A1E7A4F7556}") = "H.NotifyIcon", "src\libs\H.NotifyIcon\H.NotifyIcon.csproj", "{0485EE3E-3745-4E79-A396-19AE493FA9D3}"
EndProject
Project("{D954291E-2A0B-460D-934E-DC6B0785DB48}") = "H.NotifyIcon.Shared", "src\libs\H.NotifyIcon.Shared\H.NotifyIcon.Shared.shproj", "{D97885EC-80E4-4343-8E68-3A2699B77633}"
EndProject
Project("{9A19103F-16F7-4668-BE54-9A1E7A4F7556}") = "H.NotifyIcon.WinUI", "src\libs\H.NotifyIcon.WinUI\H.NotifyIcon.WinUI.csproj", "{2C93516E-87C6-4212-8A85-95D85AB23098}"
EndProject
Global
	GlobalSection(SharedMSBuildProjectFiles) = preSolution
		src\libs\H.NotifyIcon.Shared\H.NotifyIcon.Shared.projitems*{2c93516e-87c6-4212-8a85-95d85ab23098}*SharedItemsImports = 5
		src\libs\H.NotifyIcon.Shared\H.NotifyIcon.Shared.projitems*{7ac63864-7638-41c4-969c-d3197ef2bed9}*SharedItemsImports = 5
		src\libs\H.NotifyIcon.Shared\H.NotifyIcon.Shared.projitems*{d97885ec-80e4-4343-8e68-3a2699b77633}*SharedItemsImports = 13
	EndGlobalSection
	GlobalSection(SolutionConfigurationPlatforms) = preSolution
		Debug|Any CPU = Debug|Any CPU
		Release|Any CPU = Release|Any CPU
	EndGlobalSection
	GlobalSection(ProjectConfigurationPlatforms) = postSolution
		{7AC63864-7638-41C4-969C-D3197EF2BED9}.Debug|Any CPU.ActiveCfg = Debug|Any CPU
		{7AC63864-7638-41C4-969C-D3197EF2BED9}.Debug|Any CPU.Build.0 = Debug|Any CPU
		{7AC63864-7638-41C4-969C-D3197EF2BED9}.Release|Any CPU.ActiveCfg = Release|Any CPU
		{7AC63864-7638-41C4-969C-D3197EF2BED9}.Release|Any CPU.Build.0 = Release|Any CPU
		{71C74F29-F1C2-49C5-969F-C25AC4CDFCCC}.Debug|Any CPU.ActiveCfg = Debug|Any CPU
		{71C74F29-F1C2-49C5-969F-C25AC4CDFCCC}.Debug|Any CPU.Build.0 = Debug|Any CPU
		{71C74F29-F1C2-49C5-969F-C25AC4CDFCCC}.Release|Any CPU.ActiveCfg = Release|Any CPU
		{71C74F29-F1C2-49C5-969F-C25AC4CDFCCC}.Release|Any CPU.Build.0 = Release|Any CPU
		{F6DC0A6D-D1CE-4AD2-92ED-08FFF0AD4FA8}.Debug|Any CPU.ActiveCfg = Debug|Any CPU
		{F6DC0A6D-D1CE-4AD2-92ED-08FFF0AD4FA8}.Debug|Any CPU.Build.0 = Debug|Any CPU
		{F6DC0A6D-D1CE-4AD2-92ED-08FFF0AD4FA8}.Release|Any CPU.ActiveCfg = Release|Any CPU
		{F6DC0A6D-D1CE-4AD2-92ED-08FFF0AD4FA8}.Release|Any CPU.Build.0 = Release|Any CPU
		{964EBFBE-A600-49B2-BDD8-422B46F1D544}.Debug|Any CPU.ActiveCfg = Debug|Any CPU
		{964EBFBE-A600-49B2-BDD8-422B46F1D544}.Debug|Any CPU.Build.0 = Debug|Any CPU
		{964EBFBE-A600-49B2-BDD8-422B46F1D544}.Release|Any CPU.ActiveCfg = Release|Any CPU
		{964EBFBE-A600-49B2-BDD8-422B46F1D544}.Release|Any CPU.Build.0 = Release|Any CPU
		{0485EE3E-3745-4E79-A396-19AE493FA9D3}.Debug|Any CPU.ActiveCfg = Debug|Any CPU
		{0485EE3E-3745-4E79-A396-19AE493FA9D3}.Debug|Any CPU.Build.0 = Debug|Any CPU
		{0485EE3E-3745-4E79-A396-19AE493FA9D3}.Release|Any CPU.ActiveCfg = Release|Any CPU
		{0485EE3E-3745-4E79-A396-19AE493FA9D3}.Release|Any CPU.Build.0 = Release|Any CPU
		{2C93516E-87C6-4212-8A85-95D85AB23098}.Debug|Any CPU.ActiveCfg = Debug|Any CPU
		{2C93516E-87C6-4212-8A85-95D85AB23098}.Debug|Any CPU.Build.0 = Debug|Any CPU
		{2C93516E-87C6-4212-8A85-95D85AB23098}.Release|Any CPU.ActiveCfg = Release|Any CPU
		{2C93516E-87C6-4212-8A85-95D85AB23098}.Release|Any CPU.Build.0 = Release|Any CPU
	EndGlobalSection
	GlobalSection(SolutionProperties) = preSolution
		HideSolutionNode = FALSE
	EndGlobalSection
	GlobalSection(NestedProjects) = preSolution
		{7AC63864-7638-41C4-969C-D3197EF2BED9} = {FCF55611-6E25-4F1E-8E88-705896171E71}
		{71C74F29-F1C2-49C5-969F-C25AC4CDFCCC} = {61B9888E-FE61-4B67-8077-AE4114B6BA44}
		{F6DC0A6D-D1CE-4AD2-92ED-08FFF0AD4FA8} = {61B9888E-FE61-4B67-8077-AE4114B6BA44}
		{964EBFBE-A600-49B2-BDD8-422B46F1D544} = {61B9888E-FE61-4B67-8077-AE4114B6BA44}
		{0485EE3E-3745-4E79-A396-19AE493FA9D3} = {FCF55611-6E25-4F1E-8E88-705896171E71}
		{D97885EC-80E4-4343-8E68-3A2699B77633} = {FCF55611-6E25-4F1E-8E88-705896171E71}
		{2C93516E-87C6-4212-8A85-95D85AB23098} = {FCF55611-6E25-4F1E-8E88-705896171E71}
	EndGlobalSection
	GlobalSection(ExtensibilityGlobals) = postSolution
		SolutionGuid = {C139BD97-A4F7-411B-99B1-824CE1ABA403}
	EndGlobalSection
EndGlobal
