
Microsoft Visual Studio Solution File, Format Version 12.00
# Visual Studio Version 17
VisualStudioVersion = 17.0.31611.283
MinimumVisualStudioVersion = 10.0.40219.1
Project("{9A19103F-16F7-4668-BE54-9A1E7A4F7556}") = "H.NotifyIcon.Apps.Maui", "H.NotifyIcon.Apps.Maui.csproj", "{EA2D71DB-7ABF-4A79-876F-B8DB9D3C22DE}"
EndProject
Global
	GlobalSection(SolutionConfigurationPlatforms) = preSolution
		Debug|Any CPU = Debug|Any CPU
		Release|Any CPU = Release|Any CPU
	EndGlobalSection
	GlobalSection(ProjectConfigurationPlatforms) = postSolution
		{EA2D71DB-7ABF-4A79-876F-B8DB9D3C22DE}.Debug|Any CPU.ActiveCfg = Debug|Any CPU
		{EA2D71DB-7ABF-4A79-876F-B8DB9D3C22DE}.Debug|Any CPU.Build.0 = Debug|Any CPU
		{EA2D71DB-7ABF-4A79-876F-B8DB9D3C22DE}.Debug|Any CPU.Deploy.0 = Debug|Any CPU
		{EA2D71DB-7ABF-4A79-876F-B8DB9D3C22DE}.Release|Any CPU.ActiveCfg = Release|Any CPU
		{EA2D71DB-7ABF-4A79-876F-B8DB9D3C22DE}.Release|Any CPU.Build.0 = Release|Any CPU
		{EA2D71DB-7ABF-4A79-876F-B8DB9D3C22DE}.Release|Any CPU.Deploy.0 = Release|Any CPU
	EndGlobalSection
	GlobalSection(SolutionProperties) = preSolution
		HideSolutionNode = FALSE
	EndGlobalSection
	GlobalSection(ExtensibilityGlobals) = postSolution
		SolutionGuid = {61F7FB11-1E47-470C-91E2-47F8143E1572}
	EndGlobalSection
EndGlobal
